// !$*UTF8*$!
{
	archiveVersion = 1;
	classes = {
	};
	objectVersion = 50;
	objects = {

/* Begin PBXBuildFile section */
		BE5696842593AE8E00FB58B8 /* GraphValueAxis.swift in Sources */ = {isa = PBXBuildFile; fileRef = BE5696832593AE8E00FB58B8 /* GraphValueAxis.swift */; };
		BE76704E257069FD001287FC /* WidgetKit.framework in Frameworks */ = {isa = PBXBuildFile; fileRef = BE76704D257069FD001287FC /* WidgetKit.framework */; };
		BE767050257069FD001287FC /* SwiftUI.framework in Frameworks */ = {isa = PBXBuildFile; fileRef = BE76704F257069FD001287FC /* SwiftUI.framework */; };
		BE767053257069FD001287FC /* DailyDistance.swift in Sources */ = {isa = PBXBuildFile; fileRef = BE767052257069FD001287FC /* DailyDistance.swift */; };
		BE76705625706A00001287FC /* Assets.xcassets in Resources */ = {isa = PBXBuildFile; fileRef = BE76705525706A00001287FC /* Assets.xcassets */; };
		BE76705825706A00001287FC /* DailyDistance.intentdefinition in Sources */ = {isa = PBXBuildFile; fileRef = BE767054257069FD001287FC /* DailyDistance.intentdefinition */; };
		BE76705925706A00001287FC /* DailyDistance.intentdefinition in Sources */ = {isa = PBXBuildFile; fileRef = BE767054257069FD001287FC /* DailyDistance.intentdefinition */; };
		BE76705C25706A00001287FC /* DailyDistanceExtension.appex in Embed App Extensions */ = {isa = PBXBuildFile; fileRef = BE76704C257069FD001287FC /* DailyDistanceExtension.appex */; settings = {ATTRIBUTES = (RemoveHeadersOnCopy, ); }; };
		BE875EC125A48A8000C4FAC6 /* GraphData.swift in Sources */ = {isa = PBXBuildFile; fileRef = BE875EC025A48A8000C4FAC6 /* GraphData.swift */; };
		BE9A304F25A3D88A00E678E2 /* BarChartHorizontal.swift in Sources */ = {isa = PBXBuildFile; fileRef = BE9A304E25A3D88A00E678E2 /* BarChartHorizontal.swift */; };
		BEA40E162565801200DE38DE /* DailyDistanceWidgetApp.swift in Sources */ = {isa = PBXBuildFile; fileRef = BEA40E152565801200DE38DE /* DailyDistanceWidgetApp.swift */; };
		BEA40E182565801200DE38DE /* ContentView.swift in Sources */ = {isa = PBXBuildFile; fileRef = BEA40E172565801200DE38DE /* ContentView.swift */; };
		BEA40E1A2565804000DE38DE /* Assets.xcassets in Resources */ = {isa = PBXBuildFile; fileRef = BEA40E192565804000DE38DE /* Assets.xcassets */; };
		BEA40E1D2565804000DE38DE /* Preview Assets.xcassets in Resources */ = {isa = PBXBuildFile; fileRef = BEA40E1C2565804000DE38DE /* Preview Assets.xcassets */; };
		BEA40E282565820F00DE38DE /* HealthKit.framework in Frameworks */ = {isa = PBXBuildFile; fileRef = BEA40E272565820F00DE38DE /* HealthKit.framework */; };
		BEA9D5FA25745C0200CD6936 /* DistanceQuery.swift in Sources */ = {isa = PBXBuildFile; fileRef = BEA9D5F925745C0200CD6936 /* DistanceQuery.swift */; };
		BEA9D5FB25745C0200CD6936 /* DistanceQuery.swift in Sources */ = {isa = PBXBuildFile; fileRef = BEA9D5F925745C0200CD6936 /* DistanceQuery.swift */; };
		BEAEF82B258396D7005EDB54 /* GraphBar.swift in Sources */ = {isa = PBXBuildFile; fileRef = BEAEF82A258396D7005EDB54 /* GraphBar.swift */; };
		BEB0489D257C049B00A27A78 /* CumDistanceGraph.swift in Sources */ = {isa = PBXBuildFile; fileRef = BEB0489C257C049B00A27A78 /* CumDistanceGraph.swift */; };
		BEC9ABE2258366CA00399B71 /* GraphPlotArea.swift in Sources */ = {isa = PBXBuildFile; fileRef = BEC9ABE1258366CA00399B71 /* GraphPlotArea.swift */; };
		BEFFAC4025A7015000C81AAF /* GraphSettings.swift in Sources */ = {isa = PBXBuildFile; fileRef = BEFFAC3F25A7015000C81AAF /* GraphSettings.swift */; };
/* End PBXBuildFile section */

/* Begin PBXContainerItemProxy section */
		BE76705A25706A00001287FC /* PBXContainerItemProxy */ = {
			isa = PBXContainerItemProxy;
			containerPortal = BEA40E0A2565801000DE38DE /* Project object */;
			proxyType = 1;
			remoteGlobalIDString = BE76704B257069FD001287FC;
			remoteInfo = DailyDistanceExtension;
		};
/* End PBXContainerItemProxy section */

/* Begin PBXCopyFilesBuildPhase section */
		BE76705D25706A00001287FC /* Embed App Extensions */ = {
			isa = PBXCopyFilesBuildPhase;
			buildActionMask = 2147483647;
			dstPath = "";
			dstSubfolderSpec = 13;
			files = (
				BE76705C25706A00001287FC /* DailyDistanceExtension.appex in Embed App Extensions */,
			);
			name = "Embed App Extensions";
			runOnlyForDeploymentPostprocessing = 0;
		};
/* End PBXCopyFilesBuildPhase section */

/* Begin PBXFileReference section */
		BE5696832593AE8E00FB58B8 /* GraphValueAxis.swift */ = {isa = PBXFileReference; lastKnownFileType = sourcecode.swift; path = GraphValueAxis.swift; sourceTree = "<group>"; };
		BE76704C257069FD001287FC /* DailyDistanceExtension.appex */ = {isa = PBXFileReference; explicitFileType = "wrapper.app-extension"; includeInIndex = 0; path = DailyDistanceExtension.appex; sourceTree = BUILT_PRODUCTS_DIR; };
		BE76704D257069FD001287FC /* WidgetKit.framework */ = {isa = PBXFileReference; lastKnownFileType = wrapper.framework; name = WidgetKit.framework; path = System/Library/Frameworks/WidgetKit.framework; sourceTree = SDKROOT; };
		BE76704F257069FD001287FC /* SwiftUI.framework */ = {isa = PBXFileReference; lastKnownFileType = wrapper.framework; name = SwiftUI.framework; path = System/Library/Frameworks/SwiftUI.framework; sourceTree = SDKROOT; };
		BE767052257069FD001287FC /* DailyDistance.swift */ = {isa = PBXFileReference; lastKnownFileType = sourcecode.swift; path = DailyDistance.swift; sourceTree = "<group>"; };
		BE767054257069FD001287FC /* DailyDistance.intentdefinition */ = {isa = PBXFileReference; lastKnownFileType = file.intentdefinition; path = DailyDistance.intentdefinition; sourceTree = "<group>"; };
		BE76705525706A00001287FC /* Assets.xcassets */ = {isa = PBXFileReference; lastKnownFileType = folder.assetcatalog; path = Assets.xcassets; sourceTree = "<group>"; };
		BE76705725706A00001287FC /* Info.plist */ = {isa = PBXFileReference; lastKnownFileType = text.plist.xml; path = Info.plist; sourceTree = "<group>"; };
		BE875EC025A48A8000C4FAC6 /* GraphData.swift */ = {isa = PBXFileReference; lastKnownFileType = sourcecode.swift; path = GraphData.swift; sourceTree = "<group>"; };
		BE9A304E25A3D88A00E678E2 /* BarChartHorizontal.swift */ = {isa = PBXFileReference; lastKnownFileType = sourcecode.swift; path = BarChartHorizontal.swift; sourceTree = "<group>"; };
		BEA40E122565801200DE38DE /* DailyDistanceWidget.app */ = {isa = PBXFileReference; explicitFileType = wrapper.application; includeInIndex = 0; path = DailyDistanceWidget.app; sourceTree = BUILT_PRODUCTS_DIR; };
		BEA40E152565801200DE38DE /* DailyDistanceWidgetApp.swift */ = {isa = PBXFileReference; lastKnownFileType = sourcecode.swift; path = DailyDistanceWidgetApp.swift; sourceTree = "<group>"; };
		BEA40E172565801200DE38DE /* ContentView.swift */ = {isa = PBXFileReference; lastKnownFileType = sourcecode.swift; path = ContentView.swift; sourceTree = "<group>"; };
		BEA40E192565804000DE38DE /* Assets.xcassets */ = {isa = PBXFileReference; lastKnownFileType = folder.assetcatalog; path = Assets.xcassets; sourceTree = "<group>"; };
		BEA40E1C2565804000DE38DE /* Preview Assets.xcassets */ = {isa = PBXFileReference; lastKnownFileType = folder.assetcatalog; path = "Preview Assets.xcassets"; sourceTree = "<group>"; };
		BEA40E1E2565804000DE38DE /* Info.plist */ = {isa = PBXFileReference; lastKnownFileType = text.plist.xml; path = Info.plist; sourceTree = "<group>"; };
		BEA40E252565820F00DE38DE /* DailyDistanceWidget.entitlements */ = {isa = PBXFileReference; lastKnownFileType = text.plist.entitlements; path = DailyDistanceWidget.entitlements; sourceTree = "<group>"; };
		BEA40E272565820F00DE38DE /* HealthKit.framework */ = {isa = PBXFileReference; lastKnownFileType = wrapper.framework; name = HealthKit.framework; path = System/Library/Frameworks/HealthKit.framework; sourceTree = SDKROOT; };
		BEA9D5F925745C0200CD6936 /* DistanceQuery.swift */ = {isa = PBXFileReference; lastKnownFileType = sourcecode.swift; path = DistanceQuery.swift; sourceTree = "<group>"; };
		BEAEF82A258396D7005EDB54 /* GraphBar.swift */ = {isa = PBXFileReference; lastKnownFileType = sourcecode.swift; path = GraphBar.swift; sourceTree = "<group>"; };
		BEB0489C257C049B00A27A78 /* CumDistanceGraph.swift */ = {isa = PBXFileReference; lastKnownFileType = sourcecode.swift; path = CumDistanceGraph.swift; sourceTree = "<group>"; };
		BEC9ABE1258366CA00399B71 /* GraphPlotArea.swift */ = {isa = PBXFileReference; lastKnownFileType = sourcecode.swift; path = GraphPlotArea.swift; sourceTree = "<group>"; };
		BEFFAC3F25A7015000C81AAF /* GraphSettings.swift */ = {isa = PBXFileReference; lastKnownFileType = sourcecode.swift; path = GraphSettings.swift; sourceTree = "<group>"; };
/* End PBXFileReference section */

/* Begin PBXFrameworksBuildPhase section */
		BE767049257069FD001287FC /* Frameworks */ = {
			isa = PBXFrameworksBuildPhase;
			buildActionMask = 2147483647;
			files = (
				BE767050257069FD001287FC /* SwiftUI.framework in Frameworks */,
				BE76704E257069FD001287FC /* WidgetKit.framework in Frameworks */,
			);
			runOnlyForDeploymentPostprocessing = 0;
		};
		BEA40E0F2565801100DE38DE /* Frameworks */ = {
			isa = PBXFrameworksBuildPhase;
			buildActionMask = 2147483647;
			files = (
				BEA40E282565820F00DE38DE /* HealthKit.framework in Frameworks */,
			);
			runOnlyForDeploymentPostprocessing = 0;
		};
/* End PBXFrameworksBuildPhase section */

/* Begin PBXGroup section */
		BE767051257069FD001287FC /* DailyDistance */ = {
			isa = PBXGroup;
			children = (
				BE767052257069FD001287FC /* DailyDistance.swift */,
				BE767054257069FD001287FC /* DailyDistance.intentdefinition */,
				BE76705525706A00001287FC /* Assets.xcassets */,
				BE76705725706A00001287FC /* Info.plist */,
			);
			path = DailyDistance;
			sourceTree = "<group>";
		};
		BEA40E092565801000DE38DE = {
			isa = PBXGroup;
			children = (
				BEA40E142565801200DE38DE /* DailyDistanceWidget */,
				BE767051257069FD001287FC /* DailyDistance */,
				BEA40E132565801200DE38DE /* Products */,
				BEA40E262565820F00DE38DE /* Frameworks */,
			);
			sourceTree = "<group>";
		};
		BEA40E132565801200DE38DE /* Products */ = {
			isa = PBXGroup;
			children = (
				BEA40E122565801200DE38DE /* DailyDistanceWidget.app */,
				BE76704C257069FD001287FC /* DailyDistanceExtension.appex */,
			);
			name = Products;
			sourceTree = "<group>";
		};
		BEA40E142565801200DE38DE /* DailyDistanceWidget */ = {
			isa = PBXGroup;
			children = (
				BEA40E252565820F00DE38DE /* DailyDistanceWidget.entitlements */,
				BEA40E152565801200DE38DE /* DailyDistanceWidgetApp.swift */,
				BEA40E172565801200DE38DE /* ContentView.swift */,
				BEA9D5F925745C0200CD6936 /* DistanceQuery.swift */,
				BEC9ABE1258366CA00399B71 /* GraphPlotArea.swift */,
				BE5696832593AE8E00FB58B8 /* GraphValueAxis.swift */,
				BEAEF82A258396D7005EDB54 /* GraphBar.swift */,
				BEFFAC3F25A7015000C81AAF /* GraphSettings.swift */,
				BE875EC025A48A8000C4FAC6 /* GraphData.swift */,
				BE9A304E25A3D88A00E678E2 /* BarChartHorizontal.swift */,
				BEB0489C257C049B00A27A78 /* CumDistanceGraph.swift */,
				BEA40E192565804000DE38DE /* Assets.xcassets */,
				BEA40E1E2565804000DE38DE /* Info.plist */,
				BEA40E1B2565804000DE38DE /* Preview Content */,
			);
			path = DailyDistanceWidget;
			sourceTree = "<group>";
		};
		BEA40E1B2565804000DE38DE /* Preview Content */ = {
			isa = PBXGroup;
			children = (
				BEA40E1C2565804000DE38DE /* Preview Assets.xcassets */,
			);
			path = "Preview Content";
			sourceTree = "<group>";
		};
		BEA40E262565820F00DE38DE /* Frameworks */ = {
			isa = PBXGroup;
			children = (
				BEA40E272565820F00DE38DE /* HealthKit.framework */,
				BE76704D257069FD001287FC /* WidgetKit.framework */,
				BE76704F257069FD001287FC /* SwiftUI.framework */,
			);
			name = Frameworks;
			sourceTree = "<group>";
		};
/* End PBXGroup section */

/* Begin PBXNativeTarget section */
		BE76704B257069FD001287FC /* DailyDistanceExtension */ = {
			isa = PBXNativeTarget;
			buildConfigurationList = BE76706025706A00001287FC /* Build configuration list for PBXNativeTarget "DailyDistanceExtension" */;
			buildPhases = (
				BE767048257069FD001287FC /* Sources */,
				BE767049257069FD001287FC /* Frameworks */,
				BE76704A257069FD001287FC /* Resources */,
			);
			buildRules = (
			);
			dependencies = (
			);
			name = DailyDistanceExtension;
			productName = DailyDistanceExtension;
			productReference = BE76704C257069FD001287FC /* DailyDistanceExtension.appex */;
			productType = "com.apple.product-type.app-extension";
		};
		BEA40E112565801100DE38DE /* DailyDistanceWidget */ = {
			isa = PBXNativeTarget;
			buildConfigurationList = BEA40E212565804000DE38DE /* Build configuration list for PBXNativeTarget "DailyDistanceWidget" */;
			buildPhases = (
				BEA40E0E2565801100DE38DE /* Sources */,
				BEA40E0F2565801100DE38DE /* Frameworks */,
				BEA40E102565801100DE38DE /* Resources */,
				BE76705D25706A00001287FC /* Embed App Extensions */,
			);
			buildRules = (
			);
			dependencies = (
				BE76705B25706A00001287FC /* PBXTargetDependency */,
			);
			name = DailyDistanceWidget;
			productName = DailyDistanceWidget;
			productReference = BEA40E122565801200DE38DE /* DailyDistanceWidget.app */;
			productType = "com.apple.product-type.application";
		};
/* End PBXNativeTarget section */

/* Begin PBXProject section */
		BEA40E0A2565801000DE38DE /* Project object */ = {
			isa = PBXProject;
			attributes = {
				LastSwiftUpdateCheck = 1220;
				LastUpgradeCheck = 1220;
				TargetAttributes = {
					BE76704B257069FD001287FC = {
						CreatedOnToolsVersion = 12.2;
					};
					BEA40E112565801100DE38DE = {
						CreatedOnToolsVersion = 12.2;
					};
				};
			};
			buildConfigurationList = BEA40E0D2565801000DE38DE /* Build configuration list for PBXProject "DailyDistanceWidget" */;
			compatibilityVersion = "Xcode 9.3";
			developmentRegion = en;
			hasScannedForEncodings = 0;
			knownRegions = (
				en,
				Base,
			);
			mainGroup = BEA40E092565801000DE38DE;
			productRefGroup = BEA40E132565801200DE38DE /* Products */;
			projectDirPath = "";
			projectRoot = "";
			targets = (
				BEA40E112565801100DE38DE /* DailyDistanceWidget */,
				BE76704B257069FD001287FC /* DailyDistanceExtension */,
			);
		};
/* End PBXProject section */

/* Begin PBXResourcesBuildPhase section */
		BE76704A257069FD001287FC /* Resources */ = {
			isa = PBXResourcesBuildPhase;
			buildActionMask = 2147483647;
			files = (
				BE76705625706A00001287FC /* Assets.xcassets in Resources */,
			);
			runOnlyForDeploymentPostprocessing = 0;
		};
		BEA40E102565801100DE38DE /* Resources */ = {
			isa = PBXResourcesBuildPhase;
			buildActionMask = 2147483647;
			files = (
				BEA40E1D2565804000DE38DE /* Preview Assets.xcassets in Resources */,
				BEA40E1A2565804000DE38DE /* Assets.xcassets in Resources */,
			);
			runOnlyForDeploymentPostprocessing = 0;
		};
/* End PBXResourcesBuildPhase section */

/* Begin PBXSourcesBuildPhase section */
		BE767048257069FD001287FC /* Sources */ = {
			isa = PBXSourcesBuildPhase;
			buildActionMask = 2147483647;
			files = (
				BE767053257069FD001287FC /* DailyDistance.swift in Sources */,
				BE76705825706A00001287FC /* DailyDistance.intentdefinition in Sources */,
				BEA9D5FB25745C0200CD6936 /* DistanceQuery.swift in Sources */,
			);
			runOnlyForDeploymentPostprocessing = 0;
		};
		BEA40E0E2565801100DE38DE /* Sources */ = {
			isa = PBXSourcesBuildPhase;
			buildActionMask = 2147483647;
			files = (
				BEFFAC4025A7015000C81AAF /* GraphSettings.swift in Sources */,
				BEA40E182565801200DE38DE /* ContentView.swift in Sources */,
				BE5696842593AE8E00FB58B8 /* GraphValueAxis.swift in Sources */,
				BEAEF82B258396D7005EDB54 /* GraphBar.swift in Sources */,
				BEB0489D257C049B00A27A78 /* CumDistanceGraph.swift in Sources */,
				BEC9ABE2258366CA00399B71 /* GraphPlotArea.swift in Sources */,
				BE76705925706A00001287FC /* DailyDistance.intentdefinition in Sources */,
				BEA40E162565801200DE38DE /* DailyDistanceWidgetApp.swift in Sources */,
				BEA9D5FA25745C0200CD6936 /* DistanceQuery.swift in Sources */,
				BE875EC125A48A8000C4FAC6 /* GraphData.swift in Sources */,
				BE9A304F25A3D88A00E678E2 /* BarChartHorizontal.swift in Sources */,
			);
			runOnlyForDeploymentPostprocessing = 0;
		};
/* End PBXSourcesBuildPhase section */

/* Begin PBXTargetDependency section */
		BE76705B25706A00001287FC /* PBXTargetDependency */ = {
			isa = PBXTargetDependency;
			target = BE76704B257069FD001287FC /* DailyDistanceExtension */;
			targetProxy = BE76705A25706A00001287FC /* PBXContainerItemProxy */;
		};
/* End PBXTargetDependency section */

/* Begin XCBuildConfiguration section */
		BE76705E25706A00001287FC /* Debug */ = {
			isa = XCBuildConfiguration;
			buildSettings = {
				ASSETCATALOG_COMPILER_GLOBAL_ACCENT_COLOR_NAME = AccentColor;
				ASSETCATALOG_COMPILER_WIDGET_BACKGROUND_COLOR_NAME = WidgetBackground;
				CODE_SIGN_STYLE = Automatic;
				DEVELOPMENT_TEAM = LUYCFUH4F2;
				INFOPLIST_FILE = DailyDistance/Info.plist;
				LD_RUNPATH_SEARCH_PATHS = (
					"$(inherited)",
					"@executable_path/Frameworks",
					"@executable_path/../../Frameworks",
				);
				PRODUCT_BUNDLE_IDENTIFIER = None.DailyDistanceWidget.DailyDistance;
				PRODUCT_NAME = "$(TARGET_NAME)";
				SKIP_INSTALL = YES;
				SWIFT_VERSION = 5.0;
				TARGETED_DEVICE_FAMILY = "1,2";
			};
			name = Debug;
		};
		BE76705F25706A00001287FC /* Release */ = {
			isa = XCBuildConfiguration;
			buildSettings = {
				ASSETCATALOG_COMPILER_GLOBAL_ACCENT_COLOR_NAME = AccentColor;
				ASSETCATALOG_COMPILER_WIDGET_BACKGROUND_COLOR_NAME = WidgetBackground;
				CODE_SIGN_STYLE = Automatic;
				DEVELOPMENT_TEAM = LUYCFUH4F2;
				INFOPLIST_FILE = DailyDistance/Info.plist;
				LD_RUNPATH_SEARCH_PATHS = (
					"$(inherited)",
					"@executable_path/Frameworks",
					"@executable_path/../../Frameworks",
				);
				PRODUCT_BUNDLE_IDENTIFIER = None.DailyDistanceWidget.DailyDistance;
				PRODUCT_NAME = "$(TARGET_NAME)";
				SKIP_INSTALL = YES;
				SWIFT_VERSION = 5.0;
				TARGETED_DEVICE_FAMILY = "1,2";
			};
			name = Release;
		};
		BEA40E1F2565804000DE38DE /* Debug */ = {
			isa = XCBuildConfiguration;
			buildSettings = {
				ALWAYS_SEARCH_USER_PATHS = NO;
				CLANG_ANALYZER_NONNULL = YES;
				CLANG_ANALYZER_NUMBER_OBJECT_CONVERSION = YES_AGGRESSIVE;
				CLANG_CXX_LANGUAGE_STANDARD = "gnu++14";
				CLANG_CXX_LIBRARY = "libc++";
				CLANG_ENABLE_MODULES = YES;
				CLANG_ENABLE_OBJC_ARC = YES;
				CLANG_ENABLE_OBJC_WEAK = YES;
				CLANG_WARN_BLOCK_CAPTURE_AUTORELEASING = YES;
				CLANG_WARN_BOOL_CONVERSION = YES;
				CLANG_WARN_COMMA = YES;
				CLANG_WARN_CONSTANT_CONVERSION = YES;
				CLANG_WARN_DEPRECATED_OBJC_IMPLEMENTATIONS = YES;
				CLANG_WARN_DIRECT_OBJC_ISA_USAGE = YES_ERROR;
				CLANG_WARN_DOCUMENTATION_COMMENTS = YES;
				CLANG_WARN_EMPTY_BODY = YES;
				CLANG_WARN_ENUM_CONVERSION = YES;
				CLANG_WARN_INFINITE_RECURSION = YES;
				CLANG_WARN_INT_CONVERSION = YES;
				CLANG_WARN_NON_LITERAL_NULL_CONVERSION = YES;
				CLANG_WARN_OBJC_IMPLICIT_RETAIN_SELF = YES;
				CLANG_WARN_OBJC_LITERAL_CONVERSION = YES;
				CLANG_WARN_OBJC_ROOT_CLASS = YES_ERROR;
				CLANG_WARN_QUOTED_INCLUDE_IN_FRAMEWORK_HEADER = YES;
				CLANG_WARN_RANGE_LOOP_ANALYSIS = YES;
				CLANG_WARN_STRICT_PROTOTYPES = YES;
				CLANG_WARN_SUSPICIOUS_MOVE = YES;
				CLANG_WARN_UNGUARDED_AVAILABILITY = YES_AGGRESSIVE;
				CLANG_WARN_UNREACHABLE_CODE = YES;
				CLANG_WARN__DUPLICATE_METHOD_MATCH = YES;
				COPY_PHASE_STRIP = NO;
				DEBUG_INFORMATION_FORMAT = dwarf;
				ENABLE_STRICT_OBJC_MSGSEND = YES;
				ENABLE_TESTABILITY = YES;
				GCC_C_LANGUAGE_STANDARD = gnu11;
				GCC_DYNAMIC_NO_PIC = NO;
				GCC_NO_COMMON_BLOCKS = YES;
				GCC_OPTIMIZATION_LEVEL = 0;
				GCC_PREPROCESSOR_DEFINITIONS = (
					"DEBUG=1",
					"$(inherited)",
				);
				GCC_WARN_64_TO_32_BIT_CONVERSION = YES;
				GCC_WARN_ABOUT_RETURN_TYPE = YES_ERROR;
				GCC_WARN_UNDECLARED_SELECTOR = YES;
				GCC_WARN_UNINITIALIZED_AUTOS = YES_AGGRESSIVE;
				GCC_WARN_UNUSED_FUNCTION = YES;
				GCC_WARN_UNUSED_VARIABLE = YES;
				IPHONEOS_DEPLOYMENT_TARGET = 14.2;
				MTL_ENABLE_DEBUG_INFO = INCLUDE_SOURCE;
				MTL_FAST_MATH = YES;
				ONLY_ACTIVE_ARCH = YES;
				SDKROOT = iphoneos;
				SWIFT_ACTIVE_COMPILATION_CONDITIONS = DEBUG;
				SWIFT_OPTIMIZATION_LEVEL = "-Onone";
			};
			name = Debug;
		};
		BEA40E202565804000DE38DE /* Release */ = {
			isa = XCBuildConfiguration;
			buildSettings = {
				ALWAYS_SEARCH_USER_PATHS = NO;
				CLANG_ANALYZER_NONNULL = YES;
				CLANG_ANALYZER_NUMBER_OBJECT_CONVERSION = YES_AGGRESSIVE;
				CLANG_CXX_LANGUAGE_STANDARD = "gnu++14";
				CLANG_CXX_LIBRARY = "libc++";
				CLANG_ENABLE_MODULES = YES;
				CLANG_ENABLE_OBJC_ARC = YES;
				CLANG_ENABLE_OBJC_WEAK = YES;
				CLANG_WARN_BLOCK_CAPTURE_AUTORELEASING = YES;
				CLANG_WARN_BOOL_CONVERSION = YES;
				CLANG_WARN_COMMA = YES;
				CLANG_WARN_CONSTANT_CONVERSION = YES;
				CLANG_WARN_DEPRECATED_OBJC_IMPLEMENTATIONS = YES;
				CLANG_WARN_DIRECT_OBJC_ISA_USAGE = YES_ERROR;
				CLANG_WARN_DOCUMENTATION_COMMENTS = YES;
				CLANG_WARN_EMPTY_BODY = YES;
				CLANG_WARN_ENUM_CONVERSION = YES;
				CLANG_WARN_INFINITE_RECURSION = YES;
				CLANG_WARN_INT_CONVERSION = YES;
				CLANG_WARN_NON_LITERAL_NULL_CONVERSION = YES;
				CLANG_WARN_OBJC_IMPLICIT_RETAIN_SELF = YES;
				CLANG_WARN_OBJC_LITERAL_CONVERSION = YES;
				CLANG_WARN_OBJC_ROOT_CLASS = YES_ERROR;
				CLANG_WARN_QUOTED_INCLUDE_IN_FRAMEWORK_HEADER = YES;
				CLANG_WARN_RANGE_LOOP_ANALYSIS = YES;
				CLANG_WARN_STRICT_PROTOTYPES = YES;
				CLANG_WARN_SUSPICIOUS_MOVE = YES;
				CLANG_WARN_UNGUARDED_AVAILABILITY = YES_AGGRESSIVE;
				CLANG_WARN_UNREACHABLE_CODE = YES;
				CLANG_WARN__DUPLICATE_METHOD_MATCH = YES;
				COPY_PHASE_STRIP = NO;
				DEBUG_INFORMATION_FORMAT = "dwarf-with-dsym";
				ENABLE_NS_ASSERTIONS = NO;
				ENABLE_STRICT_OBJC_MSGSEND = YES;
				GCC_C_LANGUAGE_STANDARD = gnu11;
				GCC_NO_COMMON_BLOCKS = YES;
				GCC_WARN_64_TO_32_BIT_CONVERSION = YES;
				GCC_WARN_ABOUT_RETURN_TYPE = YES_ERROR;
				GCC_WARN_UNDECLARED_SELECTOR = YES;
				GCC_WARN_UNINITIALIZED_AUTOS = YES_AGGRESSIVE;
				GCC_WARN_UNUSED_FUNCTION = YES;
				GCC_WARN_UNUSED_VARIABLE = YES;
				IPHONEOS_DEPLOYMENT_TARGET = 14.2;
				MTL_ENABLE_DEBUG_INFO = NO;
				MTL_FAST_MATH = YES;
				SDKROOT = iphoneos;
				SWIFT_COMPILATION_MODE = wholemodule;
				SWIFT_OPTIMIZATION_LEVEL = "-O";
				VALIDATE_PRODUCT = YES;
			};
			name = Release;
		};
		BEA40E222565804000DE38DE /* Debug */ = {
			isa = XCBuildConfiguration;
			buildSettings = {
				ALWAYS_EMBED_SWIFT_STANDARD_LIBRARIES = YES;
				ASSETCATALOG_COMPILER_APPICON_NAME = AppIcon;
				ASSETCATALOG_COMPILER_GLOBAL_ACCENT_COLOR_NAME = AccentColor;
				CODE_SIGN_ENTITLEMENTS = DailyDistanceWidget/DailyDistanceWidget.entitlements;
				CODE_SIGN_STYLE = Automatic;
				DEVELOPMENT_ASSET_PATHS = "\"DailyDistanceWidget/Preview Content\"";
				DEVELOPMENT_TEAM = LUYCFUH4F2;
				ENABLE_PREVIEWS = YES;
				INFOPLIST_FILE = DailyDistanceWidget/Info.plist;
				IPHONEOS_DEPLOYMENT_TARGET = 14.0;
				LD_RUNPATH_SEARCH_PATHS = (
					"$(inherited)",
					"@executable_path/Frameworks",
				);
				PRODUCT_BUNDLE_IDENTIFIER = None.DailyDistanceWidget;
				PRODUCT_NAME = "$(TARGET_NAME)";
				SWIFT_VERSION = 5.0;
				TARGETED_DEVICE_FAMILY = "1,2";
			};
			name = Debug;
		};
		BEA40E232565804000DE38DE /* Release */ = {
			isa = XCBuildConfiguration;
			buildSettings = {
				ALWAYS_EMBED_SWIFT_STANDARD_LIBRARIES = YES;
				ASSETCATALOG_COMPILER_APPICON_NAME = AppIcon;
				ASSETCATALOG_COMPILER_GLOBAL_ACCENT_COLOR_NAME = AccentColor;
				CODE_SIGN_ENTITLEMENTS = DailyDistanceWidget/DailyDistanceWidget.entitlements;
				CODE_SIGN_STYLE = Automatic;
				DEVELOPMENT_ASSET_PATHS = "\"DailyDistanceWidget/Preview Content\"";
				DEVELOPMENT_TEAM = LUYCFUH4F2;
				ENABLE_PREVIEWS = YES;
				INFOPLIST_FILE = DailyDistanceWidget/Info.plist;
				IPHONEOS_DEPLOYMENT_TARGET = 14.0;
				LD_RUNPATH_SEARCH_PATHS = (
					"$(inherited)",
					"@executable_path/Frameworks",
				);
				PRODUCT_BUNDLE_IDENTIFIER = None.DailyDistanceWidget;
				PRODUCT_NAME = "$(TARGET_NAME)";
				SWIFT_VERSION = 5.0;
				TARGETED_DEVICE_FAMILY = "1,2";
			};
			name = Release;
		};
/* End XCBuildConfiguration section */

/* Begin XCConfigurationList section */
		BE76706025706A00001287FC /* Build configuration list for PBXNativeTarget "DailyDistanceExtension" */ = {
			isa = XCConfigurationList;
			buildConfigurations = (
				BE76705E25706A00001287FC /* Debug */,
				BE76705F25706A00001287FC /* Release */,
			);
			defaultConfigurationIsVisible = 0;
			defaultConfigurationName = Release;
		};
		BEA40E0D2565801000DE38DE /* Build configuration list for PBXProject "DailyDistanceWidget" */ = {
			isa = XCConfigurationList;
			buildConfigurations = (
				BEA40E1F2565804000DE38DE /* Debug */,
				BEA40E202565804000DE38DE /* Release */,
			);
			defaultConfigurationIsVisible = 0;
			defaultConfigurationName = Release;
		};
		BEA40E212565804000DE38DE /* Build configuration list for PBXNativeTarget "DailyDistanceWidget" */ = {
			isa = XCConfigurationList;
			buildConfigurations = (
				BEA40E222565804000DE38DE /* Debug */,
				BEA40E232565804000DE38DE /* Release */,
			);
			defaultConfigurationIsVisible = 0;
			defaultConfigurationName = Release;
		};
/* End XCConfigurationList section */
	};
	rootObject = BEA40E0A2565801000DE38DE /* Project object */;
}
